version = 1
revision = 1
requires-python = ">=3.13"

[[package]]
name = "project"
version = "0.1.0"
source = { virtual = "." }
dependencies = [
    { name = "pymodbus" },
]

[package.metadata]
requires-dist = [{ name = "pymodbus", specifier = "==3.8.6" }]

[[package]]
name = "pymodbus"
version = "3.8.6"
source = { registry = "https://pypi.org/simple" }
sdist = { url = "https://files.pythonhosted.org/packages/47/3a/a6958507d6f9c0c50f11cd299b056161c10f3cef7c227b44bc183a7e7854/pymodbus-3.8.6.tar.gz", hash = "sha256:7689b56cc3ad05a594e1486e772abb9d9646c01737935df492db04455680baf6", size = 162341 }
wheels = [
    { url = "https://files.pythonhosted.org/packages/84/23/8f30f094b4a00428bd3c28dd3b6a2b3715164ab85520673e197bd4bba2e7/pymodbus-3.8.6-py3-none-any.whl", hash = "sha256:b82373295fb98c9a9bf9338235240a8b2e97bcc49c0d833168cade7ba2fa90e6", size = 164366 },
]
